// !$*UTF8*$!
{
	archiveVersion = 1;
	classes = {
	};
	objectVersion = 46;
	objects = {

/* Begin PBXBuildFile section */
		B49F3C3C18A791E20097D056 /* Foundation.framework in Frameworks */ = {isa = PBXBuildFile; fileRef = B49F3C3B18A791E20097D056 /* Foundation.framework */; };
		B49F3C3E18A791E20097D056 /* CoreGraphics.framework in Frameworks */ = {isa = PBXBuildFile; fileRef = B49F3C3D18A791E20097D056 /* CoreGraphics.framework */; };
		B49F3C4018A791E20097D056 /* UIKit.framework in Frameworks */ = {isa = PBXBuildFile; fileRef = B49F3C3F18A791E20097D056 /* UIKit.framework */; };
		B49F3C4618A791E20097D056 /* InfoPlist.strings in Resources */ = {isa = PBXBuildFile; fileRef = B49F3C4418A791E20097D056 /* InfoPlist.strings */; };
		B49F3C4818A791E20097D056 /* main.m in Sources */ = {isa = PBXBuildFile; fileRef = B49F3C4718A791E20097D056 /* main.m */; };
		B49F3C4C18A791E20097D056 /* AppDelegate.m in Sources */ = {isa = PBXBuildFile; fileRef = B49F3C4B18A791E20097D056 /* AppDelegate.m */; };
		B49F3C4E18A791E20097D056 /* Images.xcassets in Resources */ = {isa = PBXBuildFile; fileRef = B49F3C4D18A791E20097D056 /* Images.xcassets */; };
		B49F3C5518A791E20097D056 /* XCTest.framework in Frameworks */ = {isa = PBXBuildFile; fileRef = B49F3C5418A791E20097D056 /* XCTest.framework */; };
		B49F3C5618A791E20097D056 /* Foundation.framework in Frameworks */ = {isa = PBXBuildFile; fileRef = B49F3C3B18A791E20097D056 /* Foundation.framework */; };
		B49F3C5718A791E20097D056 /* UIKit.framework in Frameworks */ = {isa = PBXBuildFile; fileRef = B49F3C3F18A791E20097D056 /* UIKit.framework */; };
		B49F3C5F18A791E20097D056 /* InfoPlist.strings in Resources */ = {isa = PBXBuildFile; fileRef = B49F3C5D18A791E20097D056 /* InfoPlist.strings */; };
		B49F3C6118A791E20097D056 /* File_Note_App__Server_testing_Tests.m in Sources */ = {isa = PBXBuildFile; fileRef = B49F3C6018A791E20097D056 /* File_Note_App__Server_testing_Tests.m */; };
/* End PBXBuildFile section */

/* Begin PBXContainerItemProxy section */
		B49F3C5818A791E20097D056 /* PBXContainerItemProxy */ = {
			isa = PBXContainerItemProxy;
			containerPortal = B49F3C3018A791E20097D056 /* Project object */;
			proxyType = 1;
			remoteGlobalIDString = B49F3C3718A791E20097D056;
			remoteInfo = "File Note App (Server testing)";
		};
/* End PBXContainerItemProxy section */

/* Begin PBXFileReference section */
		B49F3C3818A791E20097D056 /* File Note App (Server testing).app */ = {isa = PBXFileReference; explicitFileType = wrapper.application; includeInIndex = 0; path = "File Note App (Server testing).app"; sourceTree = BUILT_PRODUCTS_DIR; };
		B49F3C3B18A791E20097D056 /* Foundation.framework */ = {isa = PBXFileReference; lastKnownFileType = wrapper.framework; name = Foundation.framework; path = System/Library/Frameworks/Foundation.framework; sourceTree = SDKROOT; };
		B49F3C3D18A791E20097D056 /* CoreGraphics.framework */ = {isa = PBXFileReference; lastKnownFileType = wrapper.framework; name = CoreGraphics.framework; path = System/Library/Frameworks/CoreGraphics.framework; sourceTree = SDKROOT; };
		B49F3C3F18A791E20097D056 /* UIKit.framework */ = {isa = PBXFileReference; lastKnownFileType = wrapper.framework; name = UIKit.framework; path = System/Library/Frameworks/UIKit.framework; sourceTree = SDKROOT; };
		B49F3C4318A791E20097D056 /* File Note App (Server testing)-Info.plist */ = {isa = PBXFileReference; lastKnownFileType = text.plist.xml; path = "File Note App (Server testing)-Info.plist"; sourceTree = "<group>"; };
		B49F3C4518A791E20097D056 /* en */ = {isa = PBXFileReference; lastKnownFileType = text.plist.strings; name = en; path = en.lproj/InfoPlist.strings; sourceTree = "<group>"; };
		B49F3C4718A791E20097D056 /* main.m */ = {isa = PBXFileReference; lastKnownFileType = sourcecode.c.objc; path = main.m; sourceTree = "<group>"; };
		B49F3C4918A791E20097D056 /* File Note App (Server testing)-Prefix.pch */ = {isa = PBXFileReference; lastKnownFileType = sourcecode.c.h; path = "File Note App (Server testing)-Prefix.pch"; sourceTree = "<group>"; };
		B49F3C4A18A791E20097D056 /* AppDelegate.h */ = {isa = PBXFileReference; lastKnownFileType = sourcecode.c.h; path = AppDelegate.h; sourceTree = "<group>"; };
		B49F3C4B18A791E20097D056 /* AppDelegate.m */ = {isa = PBXFileReference; lastKnownFileType = sourcecode.c.objc; path = AppDelegate.m; sourceTree = "<group>"; };
		B49F3C4D18A791E20097D056 /* Images.xcassets */ = {isa = PBXFileReference; lastKnownFileType = folder.assetcatalog; path = Images.xcassets; sourceTree = "<group>"; };
		B49F3C5318A791E20097D056 /* File Note App (Server testing)Tests.xctest */ = {isa = PBXFileReference; explicitFileType = wrapper.cfbundle; includeInIndex = 0; path = "File Note App (Server testing)Tests.xctest"; sourceTree = BUILT_PRODUCTS_DIR; };
		B49F3C5418A791E20097D056 /* XCTest.framework */ = {isa = PBXFileReference; lastKnownFileType = wrapper.framework; name = XCTest.framework; path = Library/Frameworks/XCTest.framework; sourceTree = DEVELOPER_DIR; };
		B49F3C5C18A791E20097D056 /* File Note App (Server testing)Tests-Info.plist */ = {isa = PBXFileReference; lastKnownFileType = text.plist.xml; path = "File Note App (Server testing)Tests-Info.plist"; sourceTree = "<group>"; };
		B49F3C5E18A791E20097D056 /* en */ = {isa = PBXFileReference; lastKnownFileType = text.plist.strings; name = en; path = en.lproj/InfoPlist.strings; sourceTree = "<group>"; };
		B49F3C6018A791E20097D056 /* File_Note_App__Server_testing_Tests.m */ = {isa = PBXFileReference; lastKnownFileType = sourcecode.c.objc; path = File_Note_App__Server_testing_Tests.m; sourceTree = "<group>"; };
/* End PBXFileReference section */

/* Begin PBXFrameworksBuildPhase section */
		B49F3C3518A791E20097D056 /* Frameworks */ = {
			isa = PBXFrameworksBuildPhase;
			buildActionMask = 2147483647;
			files = (
				B49F3C3E18A791E20097D056 /* CoreGraphics.framework in Frameworks */,
				B49F3C4018A791E20097D056 /* UIKit.framework in Frameworks */,
				B49F3C3C18A791E20097D056 /* Foundation.framework in Frameworks */,
			);
			runOnlyForDeploymentPostprocessing = 0;
		};
		B49F3C5018A791E20097D056 /* Frameworks */ = {
			isa = PBXFrameworksBuildPhase;
			buildActionMask = 2147483647;
			files = (
				B49F3C5518A791E20097D056 /* XCTest.framework in Frameworks */,
				B49F3C5718A791E20097D056 /* UIKit.framework in Frameworks */,
				B49F3C5618A791E20097D056 /* Foundation.framework in Frameworks */,
			);
			runOnlyForDeploymentPostprocessing = 0;
		};
/* End PBXFrameworksBuildPhase section */

/* Begin PBXGroup section */
		B49F3C2F18A791E20097D056 = {
			isa = PBXGroup;
			children = (
				B49F3C4118A791E20097D056 /* File Note App (Server testing) */,
				B49F3C5A18A791E20097D056 /* File Note App (Server testing)Tests */,
				B49F3C3A18A791E20097D056 /* Frameworks */,
				B49F3C3918A791E20097D056 /* Products */,
			);
			sourceTree = "<group>";
		};
		B49F3C3918A791E20097D056 /* Products */ = {
			isa = PBXGroup;
			children = (
				B49F3C3818A791E20097D056 /* File Note App (Server testing).app */,
				B49F3C5318A791E20097D056 /* File Note App (Server testing)Tests.xctest */,
			);
			name = Products;
			sourceTree = "<group>";
		};
		B49F3C3A18A791E20097D056 /* Frameworks */ = {
			isa = PBXGroup;
			children = (
				B49F3C3B18A791E20097D056 /* Foundation.framework */,
				B49F3C3D18A791E20097D056 /* CoreGraphics.framework */,
				B49F3C3F18A791E20097D056 /* UIKit.framework */,
				B49F3C5418A791E20097D056 /* XCTest.framework */,
			);
			name = Frameworks;
			sourceTree = "<group>";
		};
		B49F3C4118A791E20097D056 /* File Note App (Server testing) */ = {
			isa = PBXGroup;
			children = (
				B49F3C4A18A791E20097D056 /* AppDelegate.h */,
				B49F3C4B18A791E20097D056 /* AppDelegate.m */,
				B49F3C4D18A791E20097D056 /* Images.xcassets */,
				B49F3C4218A791E20097D056 /* Supporting Files */,
			);
			path = "File Note App (Server testing)";
			sourceTree = "<group>";
		};
		B49F3C4218A791E20097D056 /* Supporting Files */ = {
			isa = PBXGroup;
			children = (
				B49F3C4318A791E20097D056 /* File Note App (Server testing)-Info.plist */,
				B49F3C4418A791E20097D056 /* InfoPlist.strings */,
				B49F3C4718A791E20097D056 /* main.m */,
				B49F3C4918A791E20097D056 /* File Note App (Server testing)-Prefix.pch */,
			);
			name = "Supporting Files";
			sourceTree = "<group>";
		};
		B49F3C5A18A791E20097D056 /* File Note App (Server testing)Tests */ = {
			isa = PBXGroup;
			children = (
				B49F3C6018A791E20097D056 /* File_Note_App__Server_testing_Tests.m */,
				B49F3C5B18A791E20097D056 /* Supporting Files */,
			);
			path = "File Note App (Server testing)Tests";
			sourceTree = "<group>";
		};
		B49F3C5B18A791E20097D056 /* Supporting Files */ = {
			isa = PBXGroup;
			children = (
				B49F3C5C18A791E20097D056 /* File Note App (Server testing)Tests-Info.plist */,
				B49F3C5D18A791E20097D056 /* InfoPlist.strings */,
			);
			name = "Supporting Files";
			sourceTree = "<group>";
		};
/* End PBXGroup section */

/* Begin PBXNativeTarget section */
		B49F3C3718A791E20097D056 /* File Note App (Server testing) */ = {
			isa = PBXNativeTarget;
			buildConfigurationList = B49F3C6418A791E20097D056 /* Build configuration list for PBXNativeTarget "File Note App (Server testing)" */;
			buildPhases = (
				B49F3C3418A791E20097D056 /* Sources */,
				B49F3C3518A791E20097D056 /* Frameworks */,
				B49F3C3618A791E20097D056 /* Resources */,
			);
			buildRules = (
			);
			dependencies = (
			);
			name = "File Note App (Server testing)";
			productName = "File Note App (Server testing)";
			productReference = B49F3C3818A791E20097D056 /* File Note App (Server testing).app */;
			productType = "com.apple.product-type.application";
		};
		B49F3C5218A791E20097D056 /* File Note App (Server testing)Tests */ = {
			isa = PBXNativeTarget;
			buildConfigurationList = B49F3C6718A791E20097D056 /* Build configuration list for PBXNativeTarget "File Note App (Server testing)Tests" */;
			buildPhases = (
				B49F3C4F18A791E20097D056 /* Sources */,
				B49F3C5018A791E20097D056 /* Frameworks */,
				B49F3C5118A791E20097D056 /* Resources */,
			);
			buildRules = (
			);
			dependencies = (
				B49F3C5918A791E20097D056 /* PBXTargetDependency */,
			);
			name = "File Note App (Server testing)Tests";
			productName = "File Note App (Server testing)Tests";
			productReference = B49F3C5318A791E20097D056 /* File Note App (Server testing)Tests.xctest */;
			productType = "com.apple.product-type.bundle.unit-test";
		};
/* End PBXNativeTarget section */

/* Begin PBXProject section */
		B49F3C3018A791E20097D056 /* Project object */ = {
			isa = PBXProject;
			attributes = {
				LastUpgradeCheck = 0500;
				ORGANIZATIONNAME = "Dominik Butz";
				TargetAttributes = {
					B49F3C5218A791E20097D056 = {
						TestTargetID = B49F3C3718A791E20097D056;
					};
				};
			};
			buildConfigurationList = B49F3C3318A791E20097D056 /* Build configuration list for PBXProject "File Note App (Server testing)" */;
			compatibilityVersion = "Xcode 3.2";
			developmentRegion = English;
			hasScannedForEncodings = 0;
			knownRegions = (
				en,
			);
			mainGroup = B49F3C2F18A791E20097D056;
			productRefGroup = B49F3C3918A791E20097D056 /* Products */;
			projectDirPath = "";
			projectRoot = "";
			targets = (
				B49F3C3718A791E20097D056 /* File Note App (Server testing) */,
				B49F3C5218A791E20097D056 /* File Note App (Server testing)Tests */,
			);
		};
/* End PBXProject section */

/* Begin PBXResourcesBuildPhase section */
		B49F3C3618A791E20097D056 /* Resources */ = {
			isa = PBXResourcesBuildPhase;
			buildActionMask = 2147483647;
			files = (
				B49F3C4618A791E20097D056 /* InfoPlist.strings in Resources */,
				B49F3C4E18A791E20097D056 /* Images.xcassets in Resources */,
			);
			runOnlyForDeploymentPostprocessing = 0;
		};
		B49F3C5118A791E20097D056 /* Resources */ = {
			isa = PBXResourcesBuildPhase;
			buildActionMask = 2147483647;
			files = (
				B49F3C5F18A791E20097D056 /* InfoPlist.strings in Resources */,
			);
			runOnlyForDeploymentPostprocessing = 0;
		};
/* End PBXResourcesBuildPhase section */

/* Begin PBXSourcesBuildPhase section */
		B49F3C3418A791E20097D056 /* Sources */ = {
			isa = PBXSourcesBuildPhase;
			buildActionMask = 2147483647;
			files = (
				B49F3C4C18A791E20097D056 /* AppDelegate.m in Sources */,
				B49F3C4818A791E20097D056 /* main.m in Sources */,
			);
			runOnlyForDeploymentPostprocessing = 0;
		};
		B49F3C4F18A791E20097D056 /* Sources */ = {
			isa = PBXSourcesBuildPhase;
			buildActionMask = 2147483647;
			files = (
				B49F3C6118A791E20097D056 /* File_Note_App__Server_testing_Tests.m in Sources */,
			);
			runOnlyForDeploymentPostprocessing = 0;
		};
/* End PBXSourcesBuildPhase section */

/* Begin PBXTargetDependency section */
		B49F3C5918A791E20097D056 /* PBXTargetDependency */ = {
			isa = PBXTargetDependency;
			target = B49F3C3718A791E20097D056 /* File Note App (Server testing) */;
			targetProxy = B49F3C5818A791E20097D056 /* PBXContainerItemProxy */;
		};
/* End PBXTargetDependency section */

/* Begin PBXVariantGroup section */
		B49F3C4418A791E20097D056 /* InfoPlist.strings */ = {
			isa = PBXVariantGroup;
			children = (
				B49F3C4518A791E20097D056 /* en */,
			);
			name = InfoPlist.strings;
			sourceTree = "<group>";
		};
		B49F3C5D18A791E20097D056 /* InfoPlist.strings */ = {
			isa = PBXVariantGroup;
			children = (
				B49F3C5E18A791E20097D056 /* en */,
			);
			name = InfoPlist.strings;
			sourceTree = "<group>";
		};
/* End PBXVariantGroup section */

/* Begin XCBuildConfiguration section */
		B49F3C6218A791E20097D056 /* Debug */ = {
			isa = XCBuildConfiguration;
			buildSettings = {
				ALWAYS_SEARCH_USER_PATHS = NO;
				ARCHS = "$(ARCHS_STANDARD_INCLUDING_64_BIT)";
				CLANG_CXX_LANGUAGE_STANDARD = "gnu++0x";
				CLANG_CXX_LIBRARY = "libc++";
				CLANG_ENABLE_MODULES = YES;
				CLANG_ENABLE_OBJC_ARC = YES;
				CLANG_WARN_BOOL_CONVERSION = YES;
				CLANG_WARN_CONSTANT_CONVERSION = YES;
				CLANG_WARN_DIRECT_OBJC_ISA_USAGE = YES_ERROR;
				CLANG_WARN_EMPTY_BODY = YES;
				CLANG_WARN_ENUM_CONVERSION = YES;
				CLANG_WARN_INT_CONVERSION = YES;
				CLANG_WARN_OBJC_ROOT_CLASS = YES_ERROR;
				CLANG_WARN__DUPLICATE_METHOD_MATCH = YES;
				"CODE_SIGN_IDENTITY[sdk=iphoneos*]" = "iPhone Developer";
				COPY_PHASE_STRIP = NO;
				GCC_C_LANGUAGE_STANDARD = gnu99;
				GCC_DYNAMIC_NO_PIC = NO;
				GCC_OPTIMIZATION_LEVEL = 0;
				GCC_PREPROCESSOR_DEFINITIONS = (
					"DEBUG=1",
					"$(inherited)",
				);
				GCC_SYMBOLS_PRIVATE_EXTERN = NO;
				GCC_WARN_64_TO_32_BIT_CONVERSION = YES;
				GCC_WARN_ABOUT_RETURN_TYPE = YES_ERROR;
				GCC_WARN_UNDECLARED_SELECTOR = YES;
				GCC_WARN_UNINITIALIZED_AUTOS = YES;
				GCC_WARN_UNUSED_FUNCTION = YES;
				GCC_WARN_UNUSED_VARIABLE = YES;
				IPHONEOS_DEPLOYMENT_TARGET = 7.0;
				ONLY_ACTIVE_ARCH = YES;
				SDKROOT = iphoneos;
				TARGETED_DEVICE_FAMILY = "1,2";
			};
			name = Debug;
		};
		B49F3C6318A791E20097D056 /* Release */ = {
			isa = XCBuildConfiguration;
			buildSettings = {
				ALWAYS_SEARCH_USER_PATHS = NO;
				ARCHS = "$(ARCHS_STANDARD_INCLUDING_64_BIT)";
				CLANG_CXX_LANGUAGE_STANDARD = "gnu++0x";
				CLANG_CXX_LIBRARY = "libc++";
				CLANG_ENABLE_MODULES = YES;
				CLANG_ENABLE_OBJC_ARC = YES;
				CLANG_WARN_BOOL_CONVERSION = YES;
				CLANG_WARN_CONSTANT_CONVERSION = YES;
				CLANG_WARN_DIRECT_OBJC_ISA_USAGE = YES_ERROR;
				CLANG_WARN_EMPTY_BODY = YES;
				CLANG_WARN_ENUM_CONVERSION = YES;
				CLANG_WARN_INT_CONVERSION = YES;
				CLANG_WARN_OBJC_ROOT_CLASS = YES_ERROR;
				CLANG_WARN__DUPLICATE_METHOD_MATCH = YES;
				"CODE_SIGN_IDENTITY[sdk=iphoneos*]" = "iPhone Developer";
				COPY_PHASE_STRIP = YES;
				ENABLE_NS_ASSERTIONS = NO;
				GCC_C_LANGUAGE_STANDARD = gnu99;
				GCC_WARN_64_TO_32_BIT_CONVERSION = YES;
				GCC_WARN_ABOUT_RETURN_TYPE = YES_ERROR;
				GCC_WARN_UNDECLARED_SELECTOR = YES;
				GCC_WARN_UNINITIALIZED_AUTOS = YES;
				GCC_WARN_UNUSED_FUNCTION = YES;
				GCC_WARN_UNUSED_VARIABLE = YES;
				IPHONEOS_DEPLOYMENT_TARGET = 7.0;
				SDKROOT = iphoneos;
				TARGETED_DEVICE_FAMILY = "1,2";
				VALIDATE_PRODUCT = YES;
			};
			name = Release;
		};
		B49F3C6518A791E20097D056 /* Debug */ = {
			isa = XCBuildConfiguration;
			buildSettings = {
				ASSETCATALOG_COMPILER_APPICON_NAME = AppIcon;
				ASSETCATALOG_COMPILER_LAUNCHIMAGE_NAME = LaunchImage;
				GCC_PRECOMPILE_PREFIX_HEADER = YES;
				GCC_PREFIX_HEADER = "File Note App (Server testing)/File Note App (Server testing)-Prefix.pch";
				INFOPLIST_FILE = "File Note App (Server testing)/File Note App (Server testing)-Info.plist";
				PRODUCT_NAME = "$(TARGET_NAME)";
				WRAPPER_EXTENSION = app;
			};
			name = Debug;
		};
		B49F3C6618A791E20097D056 /* Release */ = {
			isa = XCBuildConfiguration;
			buildSettings = {
				ASSETCATALOG_COMPILER_APPICON_NAME = AppIcon;
				ASSETCATALOG_COMPILER_LAUNCHIMAGE_NAME = LaunchImage;
				GCC_PRECOMPILE_PREFIX_HEADER = YES;
				GCC_PREFIX_HEADER = "File Note App (Server testing)/File Note App (Server testing)-Prefix.pch";
				INFOPLIST_FILE = "File Note App (Server testing)/File Note App (Server testing)-Info.plist";
				PRODUCT_NAME = "$(TARGET_NAME)";
				WRAPPER_EXTENSION = app;
			};
			name = Release;
		};
		B49F3C6818A791E20097D056 /* Debug */ = {
			isa = XCBuildConfiguration;
			buildSettings = {
				ARCHS = "$(ARCHS_STANDARD_INCLUDING_64_BIT)";
				BUNDLE_LOADER = "$(BUILT_PRODUCTS_DIR)/File Note App (Server testing).app/File Note App (Server testing)";
				FRAMEWORK_SEARCH_PATHS = (
					"$(SDKROOT)/Developer/Library/Frameworks",
					"$(inherited)",
					"$(DEVELOPER_FRAMEWORKS_DIR)",
				);
				GCC_PRECOMPILE_PREFIX_HEADER = YES;
				GCC_PREFIX_HEADER = "File Note App (Server testing)/File Note App (Server testing)-Prefix.pch";
				GCC_PREPROCESSOR_DEFINITIONS = (
					"DEBUG=1",
					"$(inherited)",
				);
				INFOPLIST_FILE = "File Note App (Server testing)Tests/File Note App (Server testing)Tests-Info.plist";
				PRODUCT_NAME = "$(TARGET_NAME)";
				TEST_HOST = "$(BUNDLE_LOADER)";
				WRAPPER_EXTENSION = xctest;
			};
			name = Debug;
		};
		B49F3C6918A791E20097D056 /* Release */ = {
			isa = XCBuildConfiguration;
			buildSettings = {
				ARCHS = "$(ARCHS_STANDARD_INCLUDING_64_BIT)";
				BUNDLE_LOADER = "$(BUILT_PRODUCTS_DIR)/File Note App (Server testing).app/File Note App (Server testing)";
				FRAMEWORK_SEARCH_PATHS = (
					"$(SDKROOT)/Developer/Library/Frameworks",
					"$(inherited)",
					"$(DEVELOPER_FRAMEWORKS_DIR)",
				);
				GCC_PRECOMPILE_PREFIX_HEADER = YES;
				GCC_PREFIX_HEADER = "File Note App (Server testing)/File Note App (Server testing)-Prefix.pch";
				INFOPLIST_FILE = "File Note App (Server testing)Tests/File Note App (Server testing)Tests-Info.plist";
				PRODUCT_NAME = "$(TARGET_NAME)";
				TEST_HOST = "$(BUNDLE_LOADER)";
				WRAPPER_EXTENSION = xctest;
			};
			name = Release;
		};
/* End XCBuildConfiguration section */

/* Begin XCConfigurationList section */
		B49F3C3318A791E20097D056 /* Build configuration list for PBXProject "File Note App (Server testing)" */ = {
			isa = XCConfigurationList;
			buildConfigurations = (
				B49F3C6218A791E20097D056 /* Debug */,
				B49F3C6318A791E20097D056 /* Release */,
			);
			defaultConfigurationIsVisible = 0;
			defaultConfigurationName = Release;
		};
		B49F3C6418A791E20097D056 /* Build configuration list for PBXNativeTarget "File Note App (Server testing)" */ = {
			isa = XCConfigurationList;
			buildConfigurations = (
				B49F3C6518A791E20097D056 /* Debug */,
				B49F3C6618A791E20097D056 /* Release */,
			);
			defaultConfigurationIsVisible = 0;
		};
		B49F3C6718A791E20097D056 /* Build configuration list for PBXNativeTarget "File Note App (Server testing)Tests" */ = {
			isa = XCConfigurationList;
			buildConfigurations = (
				B49F3C6818A791E20097D056 /* Debug */,
				B49F3C6918A791E20097D056 /* Release */,
			);
			defaultConfigurationIsVisible = 0;
		};
/* End XCConfigurationList section */
	};
	rootObject = B49F3C3018A791E20097D056 /* Project object */;
}
